
Microsoft Visual Studio Solution File, Format Version 12.00
# Visual Studio Version 17
VisualStudioVersion = 17.0.31903.59
MinimumVisualStudioVersion = 10.0.40219.1
Project("{2150E333-8FDC-42A3-9474-1A3956D46DE8}") = "src", "src", "{827E0CD3-B72D-47B6-A68D-7590B98EB39B}"
EndProject
Project("{FAE04EC0-301F-11D3-BF4B-00C04F79EFBC}") = "ShelfKeeper.Domain", "src\ShelfKeeper.Domain\ShelfKeeper.Domain.csproj", "{18404FB9-074E-4225-A5CE-55BA6D77E6F7}"
EndProject
Project("{FAE04EC0-301F-11D3-BF4B-00C04F79EFBC}") = "ShelfKeeper.Application", "src\ShelfKeeper.Application\ShelfKeeper.Application.csproj", "{2862363A-708C-4071-A484-73B700E7640C}"
EndProject
Project("{FAE04EC0-301F-11D3-BF4B-00C04F79EFBC}") = "ShelfKeeper.Infrastructure", "src\ShelfKeeper.Infrastructure\ShelfKeeper.Infrastructure.csproj", "{FCCFF6F0-A2B7-4DC7-972A-89458049077C}"
EndProject
Project("{FAE04EC0-301F-11D3-BF4B-00C04F79EFBC}") = "ShelfKeeper.WebApi", "src\ShelfKeeper.WebApi\ShelfKeeper.WebApi.csproj", "{41C6F78C-3688-4ECD-BB02-C8505DF061C3}"
EndProject
Project("{2150E333-8FDC-42A3-9474-1A3956D46DE8}") = "tests", "tests", "{0AB3BF05-4346-4AA6-1389-037BE0695223}"
EndProject
Project("{FAE04EC0-301F-11D3-BF4B-00C04F79EFBC}") = "ShelfKeeper.Tests", "tests\ShelfKeeper.Tests\ShelfKeeper.Tests.csproj", "{8D3CB30A-9C91-47B5-A7F3-E17F97B04B55}"
EndProject
Project("{FAE04EC0-301F-11D3-BF4B-00C04F79EFBC}") = "ShelfKeeper.Shared", "src\ShelfKeeper.Shared\ShelfKeeper.Shared.csproj", "{F3EC24B2-BC7F-4E06-8CD0-45EAC3843DE0}"
EndProject
Global
	GlobalSection(SolutionConfigurationPlatforms) = preSolution
		Debug|Any CPU = Debug|Any CPU
		Debug|x64 = Debug|x64
		Debug|x86 = Debug|x86
		Release|Any CPU = Release|Any CPU
		Release|x64 = Release|x64
		Release|x86 = Release|x86
	EndGlobalSection
	GlobalSection(ProjectConfigurationPlatforms) = postSolution
		{18404FB9-074E-4225-A5CE-55BA6D77E6F7}.Debug|Any CPU.ActiveCfg = Debug|Any CPU
		{18404FB9-074E-4225-A5CE-55BA6D77E6F7}.Debug|Any CPU.Build.0 = Debug|Any CPU
		{18404FB9-074E-4225-A5CE-55BA6D77E6F7}.Debug|x64.ActiveCfg = Debug|Any CPU
		{18404FB9-074E-4225-A5CE-55BA6D77E6F7}.Debug|x64.Build.0 = Debug|Any CPU
		{18404FB9-074E-4225-A5CE-55BA6D77E6F7}.Debug|x86.ActiveCfg = Debug|Any CPU
		{18404FB9-074E-4225-A5CE-55BA6D77E6F7}.Debug|x86.Build.0 = Debug|Any CPU
		{18404FB9-074E-4225-A5CE-55BA6D77E6F7}.Release|Any CPU.ActiveCfg = Release|Any CPU
		{18404FB9-074E-4225-A5CE-55BA6D77E6F7}.Release|Any CPU.Build.0 = Release|Any CPU
		{18404FB9-074E-4225-A5CE-55BA6D77E6F7}.Release|x64.ActiveCfg = Release|Any CPU
		{18404FB9-074E-4225-A5CE-55BA6D77E6F7}.Release|x64.Build.0 = Release|Any CPU
		{18404FB9-074E-4225-A5CE-55BA6D77E6F7}.Release|x86.ActiveCfg = Release|Any CPU
		{18404FB9-074E-4225-A5CE-55BA6D77E6F7}.Release|x86.Build.0 = Release|Any CPU
		{2862363A-708C-4071-A484-73B700E7640C}.Debug|Any CPU.ActiveCfg = Debug|Any CPU
		{2862363A-708C-4071-A484-73B700E7640C}.Debug|Any CPU.Build.0 = Debug|Any CPU
		{2862363A-708C-4071-A484-73B700E7640C}.Debug|x64.ActiveCfg = Debug|Any CPU
		{2862363A-708C-4071-A484-73B700E7640C}.Debug|x64.Build.0 = Debug|Any CPU
		{2862363A-708C-4071-A484-73B700E7640C}.Debug|x86.ActiveCfg = Debug|Any CPU
		{2862363A-708C-4071-A484-73B700E7640C}.Debug|x86.Build.0 = Debug|Any CPU
		{2862363A-708C-4071-A484-73B700E7640C}.Release|Any CPU.ActiveCfg = Release|Any CPU
		{2862363A-708C-4071-A484-73B700E7640C}.Release|Any CPU.Build.0 = Release|Any CPU
		{2862363A-708C-4071-A484-73B700E7640C}.Release|x64.ActiveCfg = Release|Any CPU
		{2862363A-708C-4071-A484-73B700E7640C}.Release|x64.Build.0 = Release|Any CPU
		{2862363A-708C-4071-A484-73B700E7640C}.Release|x86.ActiveCfg = Release|Any CPU
		{2862363A-708C-4071-A484-73B700E7640C}.Release|x86.Build.0 = Release|Any CPU
		{FCCFF6F0-A2B7-4DC7-972A-89458049077C}.Debug|Any CPU.ActiveCfg = Debug|Any CPU
		{FCCFF6F0-A2B7-4DC7-972A-89458049077C}.Debug|Any CPU.Build.0 = Debug|Any CPU
		{FCCFF6F0-A2B7-4DC7-972A-89458049077C}.Debug|x64.ActiveCfg = Debug|Any CPU
		{FCCFF6F0-A2B7-4DC7-972A-89458049077C}.Debug|x64.Build.0 = Debug|Any CPU
		{FCCFF6F0-A2B7-4DC7-972A-89458049077C}.Debug|x86.ActiveCfg = Debug|Any CPU
		{FCCFF6F0-A2B7-4DC7-972A-89458049077C}.Debug|x86.Build.0 = Debug|Any CPU
		{FCCFF6F0-A2B7-4DC7-972A-89458049077C}.Release|Any CPU.ActiveCfg = Release|Any CPU
		{FCCFF6F0-A2B7-4DC7-972A-89458049077C}.Release|Any CPU.Build.0 = Release|Any CPU
		{FCCFF6F0-A2B7-4DC7-972A-89458049077C}.Release|x64.ActiveCfg = Release|Any CPU
		{FCCFF6F0-A2B7-4DC7-972A-89458049077C}.Release|x64.Build.0 = Release|Any CPU
		{FCCFF6F0-A2B7-4DC7-972A-89458049077C}.Release|x86.ActiveCfg = Release|Any CPU
		{FCCFF6F0-A2B7-4DC7-972A-89458049077C}.Release|x86.Build.0 = Release|Any CPU
		{41C6F78C-3688-4ECD-BB02-C8505DF061C3}.Debug|Any CPU.ActiveCfg = Debug|Any CPU
		{41C6F78C-3688-4ECD-BB02-C8505DF061C3}.Debug|Any CPU.Build.0 = Debug|Any CPU
		{41C6F78C-3688-4ECD-BB02-C8505DF061C3}.Debug|x64.ActiveCfg = Debug|Any CPU
		{41C6F78C-3688-4ECD-BB02-C8505DF061C3}.Debug|x64.Build.0 = Debug|Any CPU
		{41C6F78C-3688-4ECD-BB02-C8505DF061C3}.Debug|x86.ActiveCfg = Debug|Any CPU
		{41C6F78C-3688-4ECD-BB02-C8505DF061C3}.Debug|x86.Build.0 = Debug|Any CPU
		{41C6F78C-3688-4ECD-BB02-C8505DF061C3}.Release|Any CPU.ActiveCfg = Release|Any CPU
		{41C6F78C-3688-4ECD-BB02-C8505DF061C3}.Release|Any CPU.Build.0 = Release|Any CPU
		{41C6F78C-3688-4ECD-BB02-C8505DF061C3}.Release|x64.ActiveCfg = Release|Any CPU
		{41C6F78C-3688-4ECD-BB02-C8505DF061C3}.Release|x64.Build.0 = Release|Any CPU
		{41C6F78C-3688-4ECD-BB02-C8505DF061C3}.Release|x86.ActiveCfg = Release|Any CPU
		{41C6F78C-3688-4ECD-BB02-C8505DF061C3}.Release|x86.Build.0 = Release|Any CPU
		{8D3CB30A-9C91-47B5-A7F3-E17F97B04B55}.Debug|Any CPU.ActiveCfg = Debug|Any CPU
		{8D3CB30A-9C91-47B5-A7F3-E17F97B04B55}.Debug|Any CPU.Build.0 = Debug|Any CPU
		{8D3CB30A-9C91-47B5-A7F3-E17F97B04B55}.Debug|x64.ActiveCfg = Debug|Any CPU
		{8D3CB30A-9C91-47B5-A7F3-E17F97B04B55}.Debug|x64.Build.0 = Debug|Any CPU
		{8D3CB30A-9C91-47B5-A7F3-E17F97B04B55}.Debug|x86.ActiveCfg = Debug|Any CPU
		{8D3CB30A-9C91-47B5-A7F3-E17F97B04B55}.Debug|x86.Build.0 = Debug|Any CPU
		{8D3CB30A-9C91-47B5-A7F3-E17F97B04B55}.Release|Any CPU.ActiveCfg = Release|Any CPU
		{8D3CB30A-9C91-47B5-A7F3-E17F97B04B55}.Release|Any CPU.Build.0 = Release|Any CPU
		{8D3CB30A-9C91-47B5-A7F3-E17F97B04B55}.Release|x64.ActiveCfg = Release|Any CPU
		{8D3CB30A-9C91-47B5-A7F3-E17F97B04B55}.Release|x64.Build.0 = Release|Any CPU
		{8D3CB30A-9C91-47B5-A7F3-E17F97B04B55}.Release|x86.ActiveCfg = Release|Any CPU
		{8D3CB30A-9C91-47B5-A7F3-E17F97B04B55}.Release|x86.Build.0 = Release|Any CPU
		{F3EC24B2-BC7F-4E06-8CD0-45EAC3843DE0}.Debug|Any CPU.ActiveCfg = Debug|Any CPU
		{F3EC24B2-BC7F-4E06-8CD0-45EAC3843DE0}.Debug|Any CPU.Build.0 = Debug|Any CPU
		{F3EC24B2-BC7F-4E06-8CD0-45EAC3843DE0}.Debug|x64.ActiveCfg = Debug|Any CPU
		{F3EC24B2-BC7F-4E06-8CD0-45EAC3843DE0}.Debug|x64.Build.0 = Debug|Any CPU
		{F3EC24B2-BC7F-4E06-8CD0-45EAC3843DE0}.Debug|x86.ActiveCfg = Debug|Any CPU
		{F3EC24B2-BC7F-4E06-8CD0-45EAC3843DE0}.Debug|x86.Build.0 = Debug|Any CPU
		{F3EC24B2-BC7F-4E06-8CD0-45EAC3843DE0}.Release|Any CPU.ActiveCfg = Release|Any CPU
		{F3EC24B2-BC7F-4E06-8CD0-45EAC3843DE0}.Release|Any CPU.Build.0 = Release|Any CPU
		{F3EC24B2-BC7F-4E06-8CD0-45EAC3843DE0}.Release|x64.ActiveCfg = Release|Any CPU
		{F3EC24B2-BC7F-4E06-8CD0-45EAC3843DE0}.Release|x64.Build.0 = Release|Any CPU
		{F3EC24B2-BC7F-4E06-8CD0-45EAC3843DE0}.Release|x86.ActiveCfg = Release|Any CPU
		{F3EC24B2-BC7F-4E06-8CD0-45EAC3843DE0}.Release|x86.Build.0 = Release|Any CPU
	EndGlobalSection
	GlobalSection(SolutionProperties) = preSolution
		HideSolutionNode = FALSE
	EndGlobalSection
	GlobalSection(NestedProjects) = preSolution
		{18404FB9-074E-4225-A5CE-55BA6D77E6F7} = {827E0CD3-B72D-47B6-A68D-7590B98EB39B}
		{2862363A-708C-4071-A484-73B700E7640C} = {827E0CD3-B72D-47B6-A68D-7590B98EB39B}
		{FCCFF6F0-A2B7-4DC7-972A-89458049077C} = {827E0CD3-B72D-47B6-A68D-7590B98EB39B}
		{41C6F78C-3688-4ECD-BB02-C8505DF061C3} = {827E0CD3-B72D-47B6-A68D-7590B98EB39B}
		{8D3CB30A-9C91-47B5-A7F3-E17F97B04B55} = {0AB3BF05-4346-4AA6-1389-037BE0695223}
		{F3EC24B2-BC7F-4E06-8CD0-45EAC3843DE0} = {827E0CD3-B72D-47B6-A68D-7590B98EB39B}
	EndGlobalSection
EndGlobal
